<?xml version="1.0" encoding="utf-8"?>
<Project ToolsVersion="4.0" xmlns="http://schemas.microsoft.com/developer/msbuild/2003">
  <ItemGroup>
    <Filter Include="Programació 2">
      <UniqueIdentifier>{a117a5a7-c063-468f-8341-5dcabe070274}</UniqueIdentifier>
    </Filter>
    <Filter Include="SRC">
      <UniqueIdentifier>{1a24f23c-aa5a-4284-a2c4-029b6a5c0f92}</UniqueIdentifier>
    </Filter>
    <Filter Include="SRC\Tools">
      <UniqueIdentifier>{0bcac50a-3542-4a7d-b7d1-046a863461e5}</UniqueIdentifier>
    </Filter>
    <Filter Include="SRC\Tools\PugiXML">
      <UniqueIdentifier>{1cb41c30-ef38-444a-bede-83f7c08697e9}</UniqueIdentifier>
    </Filter>
    <Filter Include="SRC\Modules">
      <UniqueIdentifier>{e2e93ee7-f3d8-458a-abdd-c5848f02b343}</UniqueIdentifier>
    </Filter>
  </ItemGroup>
  <ItemGroup>
    <ClInclude Include="p2Defs.h">
      <Filter>Programació 2</Filter>
    </ClInclude>
    <ClInclude Include="p2DynArray.h">
      <Filter>Programació 2</Filter>
    </ClInclude>
    <ClInclude Include="p2List.h">
      <Filter>Programació 2</Filter>
    </ClInclude>
    <ClInclude Include="p2Log.h">
      <Filter>Programació 2</Filter>
    </ClInclude>
    <ClInclude Include="p2Point.h">
      <Filter>Programació 2</Filter>
    </ClInclude>
    <ClInclude Include="p2SString.h">
      <Filter>Programació 2</Filter>
    </ClInclude>
    <ClInclude Include="Application.h">
      <Filter>SRC\Tools</Filter>
    </ClInclude>
    <ClInclude Include="Module.h">
      <Filter>SRC\Tools</Filter>
    </ClInclude>
    <ClInclude Include="PugiXml\src\pugiconfig.hpp">
      <Filter>SRC\Tools\PugiXML</Filter>
    </ClInclude>
    <ClInclude Include="PugiXml\src\pugixml.hpp">
      <Filter>SRC\Tools\PugiXML</Filter>
    </ClInclude>
    <ClInclude Include="M_Window.h">
      <Filter>SRC\Modules</Filter>
    </ClInclude>
    <ClInclude Include="M_Render.h">
      <Filter>SRC\Modules</Filter>
    </ClInclude>
    <ClInclude Include="M_Input.h">
      <Filter>SRC\Modules</Filter>
    </ClInclude>
  </ItemGroup>
  <ItemGroup>
    <ClCompile Include="p2Log.cpp">
      <Filter>Programació 2</Filter>
    </ClCompile>
    <ClCompile Include="Application.cpp">
      <Filter>SRC\Tools</Filter>
    </ClCompile>
    <ClCompile Include="Main.cpp">
      <Filter>SRC\Tools</Filter>
    </ClCompile>
    <ClCompile Include="PugiXml\src\pugixml.cpp">
      <Filter>SRC\Tools\PugiXML</Filter>
    </ClCompile>
    <ClCompile Include="M_Window.cpp">
      <Filter>SRC\Modules</Filter>
    </ClCompile>
    <ClCompile Include="M_Render.cpp">
      <Filter>SRC\Modules</Filter>
    </ClCompile>
    <ClCompile Include="M_Input.cpp">
      <Filter>SRC\Modules</Filter>
    </ClCompile>
  </ItemGroup>
</Project>